// !$*UTF8*$!
{
	archiveVersion = 1;
	classes = {
	};
	objectVersion = 50;
	objects = {

/* Begin PBXBuildFile section */
		5B8C1F9C22CFB4EC007BA560 /* AppDelegate.swift in Sources */ = {isa = PBXBuildFile; fileRef = 5B8C1F9B22CFB4EC007BA560 /* AppDelegate.swift */; };
		5B8C1F9E22CFB4EC007BA560 /* ViewController.swift in Sources */ = {isa = PBXBuildFile; fileRef = 5B8C1F9D22CFB4EC007BA560 /* ViewController.swift */; };
		5B8C1FA122CFB4EC007BA560 /* Main.storyboard in Resources */ = {isa = PBXBuildFile; fileRef = 5B8C1F9F22CFB4EC007BA560 /* Main.storyboard */; };
		5B8C1FA322CFB4ED007BA560 /* Assets.xcassets in Resources */ = {isa = PBXBuildFile; fileRef = 5B8C1FA222CFB4ED007BA560 /* Assets.xcassets */; };
		5B8C1FA622CFB4ED007BA560 /* LaunchScreen.storyboard in Resources */ = {isa = PBXBuildFile; fileRef = 5B8C1FA422CFB4ED007BA560 /* LaunchScreen.storyboard */; };
		5B8C1FB122CFB4ED007BA560 /* TicTacToeTests.swift in Sources */ = {isa = PBXBuildFile; fileRef = 5B8C1FB022CFB4ED007BA560 /* TicTacToeTests.swift */; };
		5B8C1FBC22CFB4ED007BA560 /* TicTacToeUITests.swift in Sources */ = {isa = PBXBuildFile; fileRef = 5B8C1FBB22CFB4ED007BA560 /* TicTacToeUITests.swift */; };
		5B8C1FCA22CFB5D8007BA560 /* GridLabel.swift in Sources */ = {isa = PBXBuildFile; fileRef = 5B8C1FC922CFB5D8007BA560 /* GridLabel.swift */; };
/* End PBXBuildFile section */

/* Begin PBXContainerItemProxy section */
		5B8C1FAD22CFB4ED007BA560 /* PBXContainerItemProxy */ = {
			isa = PBXContainerItemProxy;
			containerPortal = 5B8C1F9022CFB4EC007BA560 /* Project object */;
			proxyType = 1;
			remoteGlobalIDString = 5B8C1F9722CFB4EC007BA560;
			remoteInfo = TicTacToe;
		};
		5B8C1FB822CFB4ED007BA560 /* PBXContainerItemProxy */ = {
			isa = PBXContainerItemProxy;
			containerPortal = 5B8C1F9022CFB4EC007BA560 /* Project object */;
			proxyType = 1;
			remoteGlobalIDString = 5B8C1F9722CFB4EC007BA560;
			remoteInfo = TicTacToe;
		};
/* End PBXContainerItemProxy section */

/* Begin PBXFileReference section */
		5B8C1F9822CFB4EC007BA560 /* TicTacToe.app */ = {isa = PBXFileReference; explicitFileType = wrapper.application; includeInIndex = 0; path = TicTacToe.app; sourceTree = BUILT_PRODUCTS_DIR; };
		5B8C1F9B22CFB4EC007BA560 /* AppDelegate.swift */ = {isa = PBXFileReference; lastKnownFileType = sourcecode.swift; path = AppDelegate.swift; sourceTree = "<group>"; };
		5B8C1F9D22CFB4EC007BA560 /* ViewController.swift */ = {isa = PBXFileReference; lastKnownFileType = sourcecode.swift; path = ViewController.swift; sourceTree = "<group>"; };
		5B8C1FA022CFB4EC007BA560 /* Base */ = {isa = PBXFileReference; lastKnownFileType = file.storyboard; name = Base; path = Base.lproj/Main.storyboard; sourceTree = "<group>"; };
		5B8C1FA222CFB4ED007BA560 /* Assets.xcassets */ = {isa = PBXFileReference; lastKnownFileType = folder.assetcatalog; path = Assets.xcassets; sourceTree = "<group>"; };
		5B8C1FA522CFB4ED007BA560 /* Base */ = {isa = PBXFileReference; lastKnownFileType = file.storyboard; name = Base; path = Base.lproj/LaunchScreen.storyboard; sourceTree = "<group>"; };
		5B8C1FA722CFB4ED007BA560 /* Info.plist */ = {isa = PBXFileReference; lastKnownFileType = text.plist.xml; path = Info.plist; sourceTree = "<group>"; };
		5B8C1FAC22CFB4ED007BA560 /* TicTacToeTests.xctest */ = {isa = PBXFileReference; explicitFileType = wrapper.cfbundle; includeInIndex = 0; path = TicTacToeTests.xctest; sourceTree = BUILT_PRODUCTS_DIR; };
		5B8C1FB022CFB4ED007BA560 /* TicTacToeTests.swift */ = {isa = PBXFileReference; lastKnownFileType = sourcecode.swift; path = TicTacToeTests.swift; sourceTree = "<group>"; };
		5B8C1FB222CFB4ED007BA560 /* Info.plist */ = {isa = PBXFileReference; lastKnownFileType = text.plist.xml; path = Info.plist; sourceTree = "<group>"; };
		5B8C1FB722CFB4ED007BA560 /* TicTacToeUITests.xctest */ = {isa = PBXFileReference; explicitFileType = wrapper.cfbundle; includeInIndex = 0; path = TicTacToeUITests.xctest; sourceTree = BUILT_PRODUCTS_DIR; };
		5B8C1FBB22CFB4ED007BA560 /* TicTacToeUITests.swift */ = {isa = PBXFileReference; lastKnownFileType = sourcecode.swift; path = TicTacToeUITests.swift; sourceTree = "<group>"; };
		5B8C1FBD22CFB4ED007BA560 /* Info.plist */ = {isa = PBXFileReference; lastKnownFileType = text.plist.xml; path = Info.plist; sourceTree = "<group>"; };
		5B8C1FC922CFB5D8007BA560 /* GridLabel.swift */ = {isa = PBXFileReference; lastKnownFileType = sourcecode.swift; path = GridLabel.swift; sourceTree = "<group>"; };
/* End PBXFileReference section */

/* Begin PBXFrameworksBuildPhase section */
		5B8C1F9522CFB4EC007BA560 /* Frameworks */ = {
			isa = PBXFrameworksBuildPhase;
			buildActionMask = 2147483647;
			files = (
			);
			runOnlyForDeploymentPostprocessing = 0;
		};
		5B8C1FA922CFB4ED007BA560 /* Frameworks */ = {
			isa = PBXFrameworksBuildPhase;
			buildActionMask = 2147483647;
			files = (
			);
			runOnlyForDeploymentPostprocessing = 0;
		};
		5B8C1FB422CFB4ED007BA560 /* Frameworks */ = {
			isa = PBXFrameworksBuildPhase;
			buildActionMask = 2147483647;
			files = (
			);
			runOnlyForDeploymentPostprocessing = 0;
		};
/* End PBXFrameworksBuildPhase section */

/* Begin PBXGroup section */
		5B8C1F8F22CFB4EC007BA560 = {
			isa = PBXGroup;
			children = (
				5B8C1F9A22CFB4EC007BA560 /* TicTacToe */,
				5B8C1FAF22CFB4ED007BA560 /* TicTacToeTests */,
				5B8C1FBA22CFB4ED007BA560 /* TicTacToeUITests */,
				5B8C1F9922CFB4EC007BA560 /* Products */,
			);
			sourceTree = "<group>";
		};
		5B8C1F9922CFB4EC007BA560 /* Products */ = {
			isa = PBXGroup;
			children = (
				5B8C1F9822CFB4EC007BA560 /* TicTacToe.app */,
				5B8C1FAC22CFB4ED007BA560 /* TicTacToeTests.xctest */,
				5B8C1FB722CFB4ED007BA560 /* TicTacToeUITests.xctest */,
			);
			name = Products;
			sourceTree = "<group>";
		};
		5B8C1F9A22CFB4EC007BA560 /* TicTacToe */ = {
			isa = PBXGroup;
			children = (
				5B8C1F9B22CFB4EC007BA560 /* AppDelegate.swift */,
				5B8C1F9D22CFB4EC007BA560 /* ViewController.swift */,
				5B8C1F9F22CFB4EC007BA560 /* Main.storyboard */,
				5B8C1FC922CFB5D8007BA560 /* GridLabel.swift */,
				5B8C1FA222CFB4ED007BA560 /* Assets.xcassets */,
				5B8C1FA422CFB4ED007BA560 /* LaunchScreen.storyboard */,
				5B8C1FA722CFB4ED007BA560 /* Info.plist */,
			);
			path = TicTacToe;
			sourceTree = "<group>";
		};
		5B8C1FAF22CFB4ED007BA560 /* TicTacToeTests */ = {
			isa = PBXGroup;
			children = (
				5B8C1FB022CFB4ED007BA560 /* TicTacToeTests.swift */,
				5B8C1FB222CFB4ED007BA560 /* Info.plist */,
			);
			path = TicTacToeTests;
			sourceTree = "<group>";
		};
		5B8C1FBA22CFB4ED007BA560 /* TicTacToeUITests */ = {
			isa = PBXGroup;
			children = (
				5B8C1FBB22CFB4ED007BA560 /* TicTacToeUITests.swift */,
				5B8C1FBD22CFB4ED007BA560 /* Info.plist */,
			);
			path = TicTacToeUITests;
			sourceTree = "<group>";
		};
/* End PBXGroup section */

/* Begin PBXNativeTarget section */
		5B8C1F9722CFB4EC007BA560 /* TicTacToe */ = {
			isa = PBXNativeTarget;
			buildConfigurationList = 5B8C1FC022CFB4ED007BA560 /* Build configuration list for PBXNativeTarget "TicTacToe" */;
			buildPhases = (
				5B8C1F9422CFB4EC007BA560 /* Sources */,
				5B8C1F9522CFB4EC007BA560 /* Frameworks */,
				5B8C1F9622CFB4EC007BA560 /* Resources */,
			);
			buildRules = (
			);
			dependencies = (
			);
			name = TicTacToe;
			productName = TicTacToe;
			productReference = 5B8C1F9822CFB4EC007BA560 /* TicTacToe.app */;
			productType = "com.apple.product-type.application";
		};
		5B8C1FAB22CFB4ED007BA560 /* TicTacToeTests */ = {
			isa = PBXNativeTarget;
			buildConfigurationList = 5B8C1FC322CFB4ED007BA560 /* Build configuration list for PBXNativeTarget "TicTacToeTests" */;
			buildPhases = (
				5B8C1FA822CFB4ED007BA560 /* Sources */,
				5B8C1FA922CFB4ED007BA560 /* Frameworks */,
				5B8C1FAA22CFB4ED007BA560 /* Resources */,
			);
			buildRules = (
			);
			dependencies = (
				5B8C1FAE22CFB4ED007BA560 /* PBXTargetDependency */,
			);
			name = TicTacToeTests;
			productName = TicTacToeTests;
			productReference = 5B8C1FAC22CFB4ED007BA560 /* TicTacToeTests.xctest */;
			productType = "com.apple.product-type.bundle.unit-test";
		};
		5B8C1FB622CFB4ED007BA560 /* TicTacToeUITests */ = {
			isa = PBXNativeTarget;
			buildConfigurationList = 5B8C1FC622CFB4ED007BA560 /* Build configuration list for PBXNativeTarget "TicTacToeUITests" */;
			buildPhases = (
				5B8C1FB322CFB4ED007BA560 /* Sources */,
				5B8C1FB422CFB4ED007BA560 /* Frameworks */,
				5B8C1FB522CFB4ED007BA560 /* Resources */,
			);
			buildRules = (
			);
			dependencies = (
				5B8C1FB922CFB4ED007BA560 /* PBXTargetDependency */,
			);
			name = TicTacToeUITests;
			productName = TicTacToeUITests;
			productReference = 5B8C1FB722CFB4ED007BA560 /* TicTacToeUITests.xctest */;
			productType = "com.apple.product-type.bundle.ui-testing";
		};
/* End PBXNativeTarget section */

/* Begin PBXProject section */
		5B8C1F9022CFB4EC007BA560 /* Project object */ = {
			isa = PBXProject;
			attributes = {
				LastSwiftUpdateCheck = 1020;
				LastUpgradeCheck = 1020;
				ORGANIZATIONNAME = "Alexander Yu";
				TargetAttributes = {
					5B8C1F9722CFB4EC007BA560 = {
						CreatedOnToolsVersion = 10.2.1;
					};
					5B8C1FAB22CFB4ED007BA560 = {
						CreatedOnToolsVersion = 10.2.1;
						TestTargetID = 5B8C1F9722CFB4EC007BA560;
					};
					5B8C1FB622CFB4ED007BA560 = {
						CreatedOnToolsVersion = 10.2.1;
						TestTargetID = 5B8C1F9722CFB4EC007BA560;
					};
				};
			};
			buildConfigurationList = 5B8C1F9322CFB4EC007BA560 /* Build configuration list for PBXProject "TicTacToe" */;
			compatibilityVersion = "Xcode 9.3";
			developmentRegion = en;
			hasScannedForEncodings = 0;
			knownRegions = (
				en,
				Base,
			);
			mainGroup = 5B8C1F8F22CFB4EC007BA560;
			productRefGroup = 5B8C1F9922CFB4EC007BA560 /* Products */;
			projectDirPath = "";
			projectRoot = "";
			targets = (
				5B8C1F9722CFB4EC007BA560 /* TicTacToe */,
				5B8C1FAB22CFB4ED007BA560 /* TicTacToeTests */,
				5B8C1FB622CFB4ED007BA560 /* TicTacToeUITests */,
			);
		};
/* End PBXProject section */

/* Begin PBXResourcesBuildPhase section */
		5B8C1F9622CFB4EC007BA560 /* Resources */ = {
			isa = PBXResourcesBuildPhase;
			buildActionMask = 2147483647;
			files = (
				5B8C1FA622CFB4ED007BA560 /* LaunchScreen.storyboard in Resources */,
				5B8C1FA322CFB4ED007BA560 /* Assets.xcassets in Resources */,
				5B8C1FA122CFB4EC007BA560 /* Main.storyboard in Resources */,
			);
			runOnlyForDeploymentPostprocessing = 0;
		};
		5B8C1FAA22CFB4ED007BA560 /* Resources */ = {
			isa = PBXResourcesBuildPhase;
			buildActionMask = 2147483647;
			files = (
			);
			runOnlyForDeploymentPostprocessing = 0;
		};
		5B8C1FB522CFB4ED007BA560 /* Resources */ = {
			isa = PBXResourcesBuildPhase;
			buildActionMask = 2147483647;
			files = (
			);
			runOnlyForDeploymentPostprocessing = 0;
		};
/* End PBXResourcesBuildPhase section */

/* Begin PBXSourcesBuildPhase section */
		5B8C1F9422CFB4EC007BA560 /* Sources */ = {
			isa = PBXSourcesBuildPhase;
			buildActionMask = 2147483647;
			files = (
				5B8C1FCA22CFB5D8007BA560 /* GridLabel.swift in Sources */,
				5B8C1F9E22CFB4EC007BA560 /* ViewController.swift in Sources */,
				5B8C1F9C22CFB4EC007BA560 /* AppDelegate.swift in Sources */,
			);
			runOnlyForDeploymentPostprocessing = 0;
		};
		5B8C1FA822CFB4ED007BA560 /* Sources */ = {
			isa = PBXSourcesBuildPhase;
			buildActionMask = 2147483647;
			files = (
				5B8C1FB122CFB4ED007BA560 /* TicTacToeTests.swift in Sources */,
			);
			runOnlyForDeploymentPostprocessing = 0;
		};
		5B8C1FB322CFB4ED007BA560 /* Sources */ = {
			isa = PBXSourcesBuildPhase;
			buildActionMask = 2147483647;
			files = (
				5B8C1FBC22CFB4ED007BA560 /* TicTacToeUITests.swift in Sources */,
			);
			runOnlyForDeploymentPostprocessing = 0;
		};
/* End PBXSourcesBuildPhase section */

/* Begin PBXTargetDependency section */
		5B8C1FAE22CFB4ED007BA560 /* PBXTargetDependency */ = {
			isa = PBXTargetDependency;
			target = 5B8C1F9722CFB4EC007BA560 /* TicTacToe */;
			targetProxy = 5B8C1FAD22CFB4ED007BA560 /* PBXContainerItemProxy */;
		};
		5B8C1FB922CFB4ED007BA560 /* PBXTargetDependency */ = {
			isa = PBXTargetDependency;
			target = 5B8C1F9722CFB4EC007BA560 /* TicTacToe */;
			targetProxy = 5B8C1FB822CFB4ED007BA560 /* PBXContainerItemProxy */;
		};
/* End PBXTargetDependency section */

/* Begin PBXVariantGroup section */
		5B8C1F9F22CFB4EC007BA560 /* Main.storyboard */ = {
			isa = PBXVariantGroup;
			children = (
				5B8C1FA022CFB4EC007BA560 /* Base */,
			);
			name = Main.storyboard;
			sourceTree = "<group>";
		};
		5B8C1FA422CFB4ED007BA560 /* LaunchScreen.storyboard */ = {
			isa = PBXVariantGroup;
			children = (
				5B8C1FA522CFB4ED007BA560 /* Base */,
			);
			name = LaunchScreen.storyboard;
			sourceTree = "<group>";
		};
/* End PBXVariantGroup section */

/* Begin XCBuildConfiguration section */
		5B8C1FBE22CFB4ED007BA560 /* Debug */ = {
			isa = XCBuildConfiguration;
			buildSettings = {
				ALWAYS_SEARCH_USER_PATHS = NO;
				CLANG_ANALYZER_NONNULL = YES;
				CLANG_ANALYZER_NUMBER_OBJECT_CONVERSION = YES_AGGRESSIVE;
				CLANG_CXX_LANGUAGE_STANDARD = "gnu++14";
				CLANG_CXX_LIBRARY = "libc++";
				CLANG_ENABLE_MODULES = YES;
				CLANG_ENABLE_OBJC_ARC = YES;
				CLANG_ENABLE_OBJC_WEAK = YES;
				CLANG_WARN_BLOCK_CAPTURE_AUTORELEASING = YES;
				CLANG_WARN_BOOL_CONVERSION = YES;
				CLANG_WARN_COMMA = YES;
				CLANG_WARN_CONSTANT_CONVERSION = YES;
				CLANG_WARN_DEPRECATED_OBJC_IMPLEMENTATIONS = YES;
				CLANG_WARN_DIRECT_OBJC_ISA_USAGE = YES_ERROR;
				CLANG_WARN_DOCUMENTATION_COMMENTS = YES;
				CLANG_WARN_EMPTY_BODY = YES;
				CLANG_WARN_ENUM_CONVERSION = YES;
				CLANG_WARN_INFINITE_RECURSION = YES;
				CLANG_WARN_INT_CONVERSION = YES;
				CLANG_WARN_NON_LITERAL_NULL_CONVERSION = YES;
				CLANG_WARN_OBJC_IMPLICIT_RETAIN_SELF = YES;
				CLANG_WARN_OBJC_LITERAL_CONVERSION = YES;
				CLANG_WARN_OBJC_ROOT_CLASS = YES_ERROR;
				CLANG_WARN_RANGE_LOOP_ANALYSIS = YES;
				CLANG_WARN_STRICT_PROTOTYPES = YES;
				CLANG_WARN_SUSPICIOUS_MOVE = YES;
				CLANG_WARN_UNGUARDED_AVAILABILITY = YES_AGGRESSIVE;
				CLANG_WARN_UNREACHABLE_CODE = YES;
				CLANG_WARN__DUPLICATE_METHOD_MATCH = YES;
				CODE_SIGN_IDENTITY = "iPhone Developer";
				COPY_PHASE_STRIP = NO;
				DEBUG_INFORMATION_FORMAT = dwarf;
				ENABLE_STRICT_OBJC_MSGSEND = YES;
				ENABLE_TESTABILITY = YES;
				GCC_C_LANGUAGE_STANDARD = gnu11;
				GCC_DYNAMIC_NO_PIC = NO;
				GCC_NO_COMMON_BLOCKS = YES;
				GCC_OPTIMIZATION_LEVEL = 0;
				GCC_PREPROCESSOR_DEFINITIONS = (
					"DEBUG=1",
					"$(inherited)",
				);
				GCC_WARN_64_TO_32_BIT_CONVERSION = YES;
				GCC_WARN_ABOUT_RETURN_TYPE = YES_ERROR;
				GCC_WARN_UNDECLARED_SELECTOR = YES;
				GCC_WARN_UNINITIALIZED_AUTOS = YES_AGGRESSIVE;
				GCC_WARN_UNUSED_FUNCTION = YES;
				GCC_WARN_UNUSED_VARIABLE = YES;
				IPHONEOS_DEPLOYMENT_TARGET = 12.2;
				MTL_ENABLE_DEBUG_INFO = INCLUDE_SOURCE;
				MTL_FAST_MATH = YES;
				ONLY_ACTIVE_ARCH = YES;
				SDKROOT = iphoneos;
				SWIFT_ACTIVE_COMPILATION_CONDITIONS = DEBUG;
				SWIFT_OPTIMIZATION_LEVEL = "-Onone";
			};
			name = Debug;
		};
		5B8C1FBF22CFB4ED007BA560 /* Release */ = {
			isa = XCBuildConfiguration;
			buildSettings = {
				ALWAYS_SEARCH_USER_PATHS = NO;
				CLANG_ANALYZER_NONNULL = YES;
				CLANG_ANALYZER_NUMBER_OBJECT_CONVERSION = YES_AGGRESSIVE;
				CLANG_CXX_LANGUAGE_STANDARD = "gnu++14";
				CLANG_CXX_LIBRARY = "libc++";
				CLANG_ENABLE_MODULES = YES;
				CLANG_ENABLE_OBJC_ARC = YES;
				CLANG_ENABLE_OBJC_WEAK = YES;
				CLANG_WARN_BLOCK_CAPTURE_AUTORELEASING = YES;
				CLANG_WARN_BOOL_CONVERSION = YES;
				CLANG_WARN_COMMA = YES;
				CLANG_WARN_CONSTANT_CONVERSION = YES;
				CLANG_WARN_DEPRECATED_OBJC_IMPLEMENTATIONS = YES;
				CLANG_WARN_DIRECT_OBJC_ISA_USAGE = YES_ERROR;
				CLANG_WARN_DOCUMENTATION_COMMENTS = YES;
				CLANG_WARN_EMPTY_BODY = YES;
				CLANG_WARN_ENUM_CONVERSION = YES;
				CLANG_WARN_INFINITE_RECURSION = YES;
				CLANG_WARN_INT_CONVERSION = YES;
				CLANG_WARN_NON_LITERAL_NULL_CONVERSION = YES;
				CLANG_WARN_OBJC_IMPLICIT_RETAIN_SELF = YES;
				CLANG_WARN_OBJC_LITERAL_CONVERSION = YES;
				CLANG_WARN_OBJC_ROOT_CLASS = YES_ERROR;
				CLANG_WARN_RANGE_LOOP_ANALYSIS = YES;
				CLANG_WARN_STRICT_PROTOTYPES = YES;
				CLANG_WARN_SUSPICIOUS_MOVE = YES;
				CLANG_WARN_UNGUARDED_AVAILABILITY = YES_AGGRESSIVE;
				CLANG_WARN_UNREACHABLE_CODE = YES;
				CLANG_WARN__DUPLICATE_METHOD_MATCH = YES;
				CODE_SIGN_IDENTITY = "iPhone Developer";
				COPY_PHASE_STRIP = NO;
				DEBUG_INFORMATION_FORMAT = "dwarf-with-dsym";
				ENABLE_NS_ASSERTIONS = NO;
				ENABLE_STRICT_OBJC_MSGSEND = YES;
				GCC_C_LANGUAGE_STANDARD = gnu11;
				GCC_NO_COMMON_BLOCKS = YES;
				GCC_WARN_64_TO_32_BIT_CONVERSION = YES;
				GCC_WARN_ABOUT_RETURN_TYPE = YES_ERROR;
				GCC_WARN_UNDECLARED_SELECTOR = YES;
				GCC_WARN_UNINITIALIZED_AUTOS = YES_AGGRESSIVE;
				GCC_WARN_UNUSED_FUNCTION = YES;
				GCC_WARN_UNUSED_VARIABLE = YES;
				IPHONEOS_DEPLOYMENT_TARGET = 12.2;
				MTL_ENABLE_DEBUG_INFO = NO;
				MTL_FAST_MATH = YES;
				SDKROOT = iphoneos;
				SWIFT_COMPILATION_MODE = wholemodule;
				SWIFT_OPTIMIZATION_LEVEL = "-O";
				VALIDATE_PRODUCT = YES;
			};
			name = Release;
		};
		5B8C1FC122CFB4ED007BA560 /* Debug */ = {
			isa = XCBuildConfiguration;
			buildSettings = {
				ASSETCATALOG_COMPILER_APPICON_NAME = AppIcon;
				CODE_SIGN_STYLE = Automatic;
				INFOPLIST_FILE = TicTacToe/Info.plist;
				LD_RUNPATH_SEARCH_PATHS = (
					"$(inherited)",
					"@executable_path/Frameworks",
				);
				PRODUCT_BUNDLE_IDENTIFIER = "iOS-Bootcamp.TicTacToe";
				PRODUCT_NAME = "$(TARGET_NAME)";
				SWIFT_VERSION = 5.0;
				TARGETED_DEVICE_FAMILY = "1,2";
			};
			name = Debug;
		};
		5B8C1FC222CFB4ED007BA560 /* Release */ = {
			isa = XCBuildConfiguration;
			buildSettings = {
				ASSETCATALOG_COMPILER_APPICON_NAME = AppIcon;
				CODE_SIGN_STYLE = Automatic;
				INFOPLIST_FILE = TicTacToe/Info.plist;
				LD_RUNPATH_SEARCH_PATHS = (
					"$(inherited)",
					"@executable_path/Frameworks",
				);
				PRODUCT_BUNDLE_IDENTIFIER = "iOS-Bootcamp.TicTacToe";
				PRODUCT_NAME = "$(TARGET_NAME)";
				SWIFT_VERSION = 5.0;
				TARGETED_DEVICE_FAMILY = "1,2";
			};
			name = Release;
		};
		5B8C1FC422CFB4ED007BA560 /* Debug */ = {
			isa = XCBuildConfiguration;
			buildSettings = {
				ALWAYS_EMBED_SWIFT_STANDARD_LIBRARIES = YES;
				BUNDLE_LOADER = "$(TEST_HOST)";
				CODE_SIGN_STYLE = Automatic;
				INFOPLIST_FILE = TicTacToeTests/Info.plist;
				LD_RUNPATH_SEARCH_PATHS = (
					"$(inherited)",
					"@executable_path/Frameworks",
					"@loader_path/Frameworks",
				);
				PRODUCT_BUNDLE_IDENTIFIER = "iOS-Bootcamp.TicTacToeTests";
				PRODUCT_NAME = "$(TARGET_NAME)";
				SWIFT_VERSION = 5.0;
				TARGETED_DEVICE_FAMILY = "1,2";
				TEST_HOST = "$(BUILT_PRODUCTS_DIR)/TicTacToe.app/TicTacToe";
			};
			name = Debug;
		};
		5B8C1FC522CFB4ED007BA560 /* Release */ = {
			isa = XCBuildConfiguration;
			buildSettings = {
				ALWAYS_EMBED_SWIFT_STANDARD_LIBRARIES = YES;
				BUNDLE_LOADER = "$(TEST_HOST)";
				CODE_SIGN_STYLE = Automatic;
				INFOPLIST_FILE = TicTacToeTests/Info.plist;
				LD_RUNPATH_SEARCH_PATHS = (
					"$(inherited)",
					"@executable_path/Frameworks",
					"@loader_path/Frameworks",
				);
				PRODUCT_BUNDLE_IDENTIFIER = "iOS-Bootcamp.TicTacToeTests";
				PRODUCT_NAME = "$(TARGET_NAME)";
				SWIFT_VERSION = 5.0;
				TARGETED_DEVICE_FAMILY = "1,2";
				TEST_HOST = "$(BUILT_PRODUCTS_DIR)/TicTacToe.app/TicTacToe";
			};
			name = Release;
		};
		5B8C1FC722CFB4ED007BA560 /* Debug */ = {
			isa = XCBuildConfiguration;
			buildSettings = {
				ALWAYS_EMBED_SWIFT_STANDARD_LIBRARIES = YES;
				CODE_SIGN_STYLE = Automatic;
				INFOPLIST_FILE = TicTacToeUITests/Info.plist;
				LD_RUNPATH_SEARCH_PATHS = (
					"$(inherited)",
					"@executable_path/Frameworks",
					"@loader_path/Frameworks",
				);
				PRODUCT_BUNDLE_IDENTIFIER = "iOS-Bootcamp.TicTacToeUITests";
				PRODUCT_NAME = "$(TARGET_NAME)";
				SWIFT_VERSION = 5.0;
				TARGETED_DEVICE_FAMILY = "1,2";
				TEST_TARGET_NAME = TicTacToe;
			};
			name = Debug;
		};
		5B8C1FC822CFB4ED007BA560 /* Release */ = {
			isa = XCBuildConfiguration;
			buildSettings = {
				ALWAYS_EMBED_SWIFT_STANDARD_LIBRARIES = YES;
				CODE_SIGN_STYLE = Automatic;
				INFOPLIST_FILE = TicTacToeUITests/Info.plist;
				LD_RUNPATH_SEARCH_PATHS = (
					"$(inherited)",
					"@executable_path/Frameworks",
					"@loader_path/Frameworks",
				);
				PRODUCT_BUNDLE_IDENTIFIER = "iOS-Bootcamp.TicTacToeUITests";
				PRODUCT_NAME = "$(TARGET_NAME)";
				SWIFT_VERSION = 5.0;
				TARGETED_DEVICE_FAMILY = "1,2";
				TEST_TARGET_NAME = TicTacToe;
			};
			name = Release;
		};
/* End XCBuildConfiguration section */

/* Begin XCConfigurationList section */
		5B8C1F9322CFB4EC007BA560 /* Build configuration list for PBXProject "TicTacToe" */ = {
			isa = XCConfigurationList;
			buildConfigurations = (
				5B8C1FBE22CFB4ED007BA560 /* Debug */,
				5B8C1FBF22CFB4ED007BA560 /* Release */,
			);
			defaultConfigurationIsVisible = 0;
			defaultConfigurationName = Release;
		};
		5B8C1FC022CFB4ED007BA560 /* Build configuration list for PBXNativeTarget "TicTacToe" */ = {
			isa = XCConfigurationList;
			buildConfigurations = (
				5B8C1FC122CFB4ED007BA560 /* Debug */,
				5B8C1FC222CFB4ED007BA560 /* Release */,
			);
			defaultConfigurationIsVisible = 0;
			defaultConfigurationName = Release;
		};
		5B8C1FC322CFB4ED007BA560 /* Build configuration list for PBXNativeTarget "TicTacToeTests" */ = {
			isa = XCConfigurationList;
			buildConfigurations = (
				5B8C1FC422CFB4ED007BA560 /* Debug */,
				5B8C1FC522CFB4ED007BA560 /* Release */,
			);
			defaultConfigurationIsVisible = 0;
			defaultConfigurationName = Release;
		};
		5B8C1FC622CFB4ED007BA560 /* Build configuration list for PBXNativeTarget "TicTacToeUITests" */ = {
			isa = XCConfigurationList;
			buildConfigurations = (
				5B8C1FC722CFB4ED007BA560 /* Debug */,
				5B8C1FC822CFB4ED007BA560 /* Release */,
			);
			defaultConfigurationIsVisible = 0;
			defaultConfigurationName = Release;
		};
/* End XCConfigurationList section */
	};
	rootObject = 5B8C1F9022CFB4EC007BA560 /* Project object */;
}
